
Microsoft Visual Studio Solution File, Format Version 12.00
# Visual Studio 15
VisualStudioVersion = 15.0.28307.271
MinimumVisualStudioVersion = 10.0.40219.1
Project("{FAE04EC0-301F-11D3-BF4B-00C04F79EFBC}") = "Here2", "Here2\Here2.csproj", "{D0E323B8-0A10-49F8-A48E-4F7DA4D69681}"
EndProject
Global
	GlobalSection(SolutionConfigurationPlatforms) = preSolution
		Debug|Any CPU = Debug|Any CPU
		Release|Any CPU = Release|Any CPU
	EndGlobalSection
	GlobalSection(ProjectConfigurationPlatforms) = postSolution
		{D0E323B8-0A10-49F8-A48E-4F7DA4D69681}.Debug|Any CPU.ActiveCfg = Debug|Any CPU
		{D0E323B8-0A10-49F8-A48E-4F7DA4D69681}.Debug|Any CPU.Build.0 = Debug|Any CPU
		{D0E323B8-0A10-49F8-A48E-4F7DA4D69681}.Release|Any CPU.ActiveCfg = Release|Any CPU
		{D0E323B8-0A10-49F8-A48E-4F7DA4D69681}.Release|Any CPU.Build.0 = Release|Any CPU
	EndGlobalSection
	GlobalSection(SolutionProperties) = preSolution
		HideSolutionNode = FALSE
	EndGlobalSection
	GlobalSection(ExtensibilityGlobals) = postSolution
		SolutionGuid = {C6208AAD-D7F8-469E-AD79-BF8F5FA31D7A}
	EndGlobalSection
EndGlobal
